
Microsoft Visual Studio Solution File, Format Version 12.00
# Visual Studio Version 17
VisualStudioVersion = 17.11.35208.52
MinimumVisualStudioVersion = 10.0.40219.1
Project("{9A19103F-16F7-4668-BE54-9A1E7A4F7556}") = "Backend", "LearnSystem\Backend.csproj", "{C4316803-C2ED-4BDF-9811-3516093FD608}"
EndProject
Project("{2150E333-8FDC-42A3-9474-1A3956D46DE8}") = "Services", "Services", "{F2A94C2D-5F23-4CDD-86E8-F83341BE8B22}"
EndProject
Project("{2150E333-8FDC-42A3-9474-1A3956D46DE8}") = "Utils", "Utils", "{45BB5CFA-05EA-40AC-94FE-6FE78CAD57E3}"
EndProject
Project("{2150E333-8FDC-42A3-9474-1A3956D46DE8}") = "Test", "Test", "{649B5363-A8A8-4444-9E7F-60D313F44B6F}"
EndProject
Project("{FAE04EC0-301F-11D3-BF4B-00C04F79EFBC}") = "Test.API", "Services\Test\Test.API\Test.API.csproj", "{38985C06-E239-4F55-9F7B-BBD4F728EE65}"
EndProject
Project("{FAE04EC0-301F-11D3-BF4B-00C04F79EFBC}") = "Test.Application", "Services\Test\Test.Application\Test.Application.csproj", "{781D3CC0-48FC-49E6-BDCA-7384CDC6B2BA}"
EndProject
Project("{FAE04EC0-301F-11D3-BF4B-00C04F79EFBC}") = "Test.Domain", "Services\Test\Test.Domain\Test.Domain.csproj", "{A3989E18-26F3-4251-A106-7C05653C0460}"
EndProject
Project("{FAE04EC0-301F-11D3-BF4B-00C04F79EFBC}") = "Test.Infrastucture", "Services\Test\Test.Infrastucture\Test.Infrastucture.csproj", "{0E4D7877-A073-47F0-9FCB-161C5480C5D7}"
EndProject
Project("{2150E333-8FDC-42A3-9474-1A3956D46DE8}") = "Translation", "Translation", "{54200081-12E9-42DC-9B98-7B28724AB7F4}"
EndProject
Project("{FAE04EC0-301F-11D3-BF4B-00C04F79EFBC}") = "Translatio.API", "Services\Translation\Translatio.API\Translatio.API.csproj", "{C6B57400-ABD4-4857-A7A8-F1C78F63CE5A}"
EndProject
Project("{FAE04EC0-301F-11D3-BF4B-00C04F79EFBC}") = "Infrastructure", "Services\Translation\Infrastructure\Infrastructure.csproj", "{5EB9A647-181E-4098-8B73-2ADADC4C85B1}"
EndProject
Project("{FAE04EC0-301F-11D3-BF4B-00C04F79EFBC}") = "GTranslate", "Services\Translation\GTranslate\GTranslate.csproj", "{AC063D90-94EF-43A2-A409-CB55419AF26A}"
EndProject
Project("{FAE04EC0-301F-11D3-BF4B-00C04F79EFBC}") = "Domain", "Services\Translation\Domain\Domain.csproj", "{350F13A8-3495-49F8-B09F-D496A0575329}"
EndProject
Project("{FAE04EC0-301F-11D3-BF4B-00C04F79EFBC}") = "Application", "Services\Translation\Application\Application.csproj", "{3ED7CC5F-38F5-4A07-86BC-E099F979D2BF}"
EndProject
Project("{2150E333-8FDC-42A3-9474-1A3956D46DE8}") = "BaseCrud", "BaseCrud", "{9F4C3536-0C93-44E3-BEAC-885FCA18D24D}"
EndProject
Project("{FAE04EC0-301F-11D3-BF4B-00C04F79EFBC}") = "BaseCrud", "Utils\BaseCrud\BaseCrud\BaseCrud.csproj", "{B87E5974-7774-43BE-B46B-CE62D3AE7E2B}"
EndProject
Project("{FAE04EC0-301F-11D3-BF4B-00C04F79EFBC}") = "BaseCrud.Abstractions", "Utils\BaseCrud\BaseCrud.Abstractions\BaseCrud.Abstractions.csproj", "{2A331BD7-865D-4F04-84A3-E65BF9BED329}"
EndProject
Project("{FAE04EC0-301F-11D3-BF4B-00C04F79EFBC}") = "BaseCrud.EntityFrameworkCore", "Utils\BaseCrud\BaseCrud.EntityFrameworkCore\BaseCrud.EntityFrameworkCore.csproj", "{11BC7D4E-3889-4C42-B485-9AEA642F8B01}"
EndProject
Project("{FAE04EC0-301F-11D3-BF4B-00C04F79EFBC}") = "BaseCrud.PrimeNg", "Utils\BaseCrud\BaseCrud.PrimeNg\BaseCrud.PrimeNg.csproj", "{50C7459F-731C-4472-869B-CDC95CAC181E}"
EndProject
Project("{FAE04EC0-301F-11D3-BF4B-00C04F79EFBC}") = "WebAPI", "Utils\Web.Api\WebAPI.csproj", "{3285B05F-C08F-4C0C-B77D-6192E1A2E116}"
EndProject
Project("{FAE04EC0-301F-11D3-BF4B-00C04F79EFBC}") = "General", "Utils\General\General.csproj", "{7A173723-7C0C-42F3-A6EF-60B5D78BDBB7}"
EndProject
Global
	GlobalSection(SolutionConfigurationPlatforms) = preSolution
		Debug|Any CPU = Debug|Any CPU
		Release|Any CPU = Release|Any CPU
	EndGlobalSection
	GlobalSection(ProjectConfigurationPlatforms) = postSolution
		{C4316803-C2ED-4BDF-9811-3516093FD608}.Debug|Any CPU.ActiveCfg = Debug|Any CPU
		{C4316803-C2ED-4BDF-9811-3516093FD608}.Debug|Any CPU.Build.0 = Debug|Any CPU
		{C4316803-C2ED-4BDF-9811-3516093FD608}.Release|Any CPU.ActiveCfg = Release|Any CPU
		{C4316803-C2ED-4BDF-9811-3516093FD608}.Release|Any CPU.Build.0 = Release|Any CPU
		{38985C06-E239-4F55-9F7B-BBD4F728EE65}.Debug|Any CPU.ActiveCfg = Debug|Any CPU
		{38985C06-E239-4F55-9F7B-BBD4F728EE65}.Debug|Any CPU.Build.0 = Debug|Any CPU
		{38985C06-E239-4F55-9F7B-BBD4F728EE65}.Release|Any CPU.ActiveCfg = Release|Any CPU
		{38985C06-E239-4F55-9F7B-BBD4F728EE65}.Release|Any CPU.Build.0 = Release|Any CPU
		{781D3CC0-48FC-49E6-BDCA-7384CDC6B2BA}.Debug|Any CPU.ActiveCfg = Debug|Any CPU
		{781D3CC0-48FC-49E6-BDCA-7384CDC6B2BA}.Debug|Any CPU.Build.0 = Debug|Any CPU
		{781D3CC0-48FC-49E6-BDCA-7384CDC6B2BA}.Release|Any CPU.ActiveCfg = Release|Any CPU
		{781D3CC0-48FC-49E6-BDCA-7384CDC6B2BA}.Release|Any CPU.Build.0 = Release|Any CPU
		{A3989E18-26F3-4251-A106-7C05653C0460}.Debug|Any CPU.ActiveCfg = Debug|Any CPU
		{A3989E18-26F3-4251-A106-7C05653C0460}.Debug|Any CPU.Build.0 = Debug|Any CPU
		{A3989E18-26F3-4251-A106-7C05653C0460}.Release|Any CPU.ActiveCfg = Release|Any CPU
		{A3989E18-26F3-4251-A106-7C05653C0460}.Release|Any CPU.Build.0 = Release|Any CPU
		{0E4D7877-A073-47F0-9FCB-161C5480C5D7}.Debug|Any CPU.ActiveCfg = Debug|Any CPU
		{0E4D7877-A073-47F0-9FCB-161C5480C5D7}.Debug|Any CPU.Build.0 = Debug|Any CPU
		{0E4D7877-A073-47F0-9FCB-161C5480C5D7}.Release|Any CPU.ActiveCfg = Release|Any CPU
		{0E4D7877-A073-47F0-9FCB-161C5480C5D7}.Release|Any CPU.Build.0 = Release|Any CPU
		{C6B57400-ABD4-4857-A7A8-F1C78F63CE5A}.Debug|Any CPU.ActiveCfg = Debug|Any CPU
		{C6B57400-ABD4-4857-A7A8-F1C78F63CE5A}.Debug|Any CPU.Build.0 = Debug|Any CPU
		{C6B57400-ABD4-4857-A7A8-F1C78F63CE5A}.Release|Any CPU.ActiveCfg = Release|Any CPU
		{C6B57400-ABD4-4857-A7A8-F1C78F63CE5A}.Release|Any CPU.Build.0 = Release|Any CPU
		{5EB9A647-181E-4098-8B73-2ADADC4C85B1}.Debug|Any CPU.ActiveCfg = Debug|Any CPU
		{5EB9A647-181E-4098-8B73-2ADADC4C85B1}.Debug|Any CPU.Build.0 = Debug|Any CPU
		{5EB9A647-181E-4098-8B73-2ADADC4C85B1}.Release|Any CPU.ActiveCfg = Release|Any CPU
		{5EB9A647-181E-4098-8B73-2ADADC4C85B1}.Release|Any CPU.Build.0 = Release|Any CPU
		{AC063D90-94EF-43A2-A409-CB55419AF26A}.Debug|Any CPU.ActiveCfg = Debug|Any CPU
		{AC063D90-94EF-43A2-A409-CB55419AF26A}.Debug|Any CPU.Build.0 = Debug|Any CPU
		{AC063D90-94EF-43A2-A409-CB55419AF26A}.Release|Any CPU.ActiveCfg = Release|Any CPU
		{AC063D90-94EF-43A2-A409-CB55419AF26A}.Release|Any CPU.Build.0 = Release|Any CPU
		{350F13A8-3495-49F8-B09F-D496A0575329}.Debug|Any CPU.ActiveCfg = Debug|Any CPU
		{350F13A8-3495-49F8-B09F-D496A0575329}.Debug|Any CPU.Build.0 = Debug|Any CPU
		{350F13A8-3495-49F8-B09F-D496A0575329}.Release|Any CPU.ActiveCfg = Release|Any CPU
		{350F13A8-3495-49F8-B09F-D496A0575329}.Release|Any CPU.Build.0 = Release|Any CPU
		{3ED7CC5F-38F5-4A07-86BC-E099F979D2BF}.Debug|Any CPU.ActiveCfg = Debug|Any CPU
		{3ED7CC5F-38F5-4A07-86BC-E099F979D2BF}.Debug|Any CPU.Build.0 = Debug|Any CPU
		{3ED7CC5F-38F5-4A07-86BC-E099F979D2BF}.Release|Any CPU.ActiveCfg = Release|Any CPU
		{3ED7CC5F-38F5-4A07-86BC-E099F979D2BF}.Release|Any CPU.Build.0 = Release|Any CPU
		{B87E5974-7774-43BE-B46B-CE62D3AE7E2B}.Debug|Any CPU.ActiveCfg = Debug|Any CPU
		{B87E5974-7774-43BE-B46B-CE62D3AE7E2B}.Debug|Any CPU.Build.0 = Debug|Any CPU
		{B87E5974-7774-43BE-B46B-CE62D3AE7E2B}.Release|Any CPU.ActiveCfg = Release|Any CPU
		{B87E5974-7774-43BE-B46B-CE62D3AE7E2B}.Release|Any CPU.Build.0 = Release|Any CPU
		{2A331BD7-865D-4F04-84A3-E65BF9BED329}.Debug|Any CPU.ActiveCfg = Debug|Any CPU
		{2A331BD7-865D-4F04-84A3-E65BF9BED329}.Debug|Any CPU.Build.0 = Debug|Any CPU
		{2A331BD7-865D-4F04-84A3-E65BF9BED329}.Release|Any CPU.ActiveCfg = Release|Any CPU
		{2A331BD7-865D-4F04-84A3-E65BF9BED329}.Release|Any CPU.Build.0 = Release|Any CPU
		{11BC7D4E-3889-4C42-B485-9AEA642F8B01}.Debug|Any CPU.ActiveCfg = Debug|Any CPU
		{11BC7D4E-3889-4C42-B485-9AEA642F8B01}.Debug|Any CPU.Build.0 = Debug|Any CPU
		{11BC7D4E-3889-4C42-B485-9AEA642F8B01}.Release|Any CPU.ActiveCfg = Release|Any CPU
		{11BC7D4E-3889-4C42-B485-9AEA642F8B01}.Release|Any CPU.Build.0 = Release|Any CPU
		{50C7459F-731C-4472-869B-CDC95CAC181E}.Debug|Any CPU.ActiveCfg = Debug|Any CPU
		{50C7459F-731C-4472-869B-CDC95CAC181E}.Debug|Any CPU.Build.0 = Debug|Any CPU
		{50C7459F-731C-4472-869B-CDC95CAC181E}.Release|Any CPU.ActiveCfg = Release|Any CPU
		{50C7459F-731C-4472-869B-CDC95CAC181E}.Release|Any CPU.Build.0 = Release|Any CPU
		{3285B05F-C08F-4C0C-B77D-6192E1A2E116}.Debug|Any CPU.ActiveCfg = Debug|Any CPU
		{3285B05F-C08F-4C0C-B77D-6192E1A2E116}.Debug|Any CPU.Build.0 = Debug|Any CPU
		{3285B05F-C08F-4C0C-B77D-6192E1A2E116}.Release|Any CPU.ActiveCfg = Release|Any CPU
		{3285B05F-C08F-4C0C-B77D-6192E1A2E116}.Release|Any CPU.Build.0 = Release|Any CPU
		{7A173723-7C0C-42F3-A6EF-60B5D78BDBB7}.Debug|Any CPU.ActiveCfg = Debug|Any CPU
		{7A173723-7C0C-42F3-A6EF-60B5D78BDBB7}.Debug|Any CPU.Build.0 = Debug|Any CPU
		{7A173723-7C0C-42F3-A6EF-60B5D78BDBB7}.Release|Any CPU.ActiveCfg = Release|Any CPU
		{7A173723-7C0C-42F3-A6EF-60B5D78BDBB7}.Release|Any CPU.Build.0 = Release|Any CPU
	EndGlobalSection
	GlobalSection(SolutionProperties) = preSolution
		HideSolutionNode = FALSE
	EndGlobalSection
	GlobalSection(NestedProjects) = preSolution
		{649B5363-A8A8-4444-9E7F-60D313F44B6F} = {F2A94C2D-5F23-4CDD-86E8-F83341BE8B22}
		{38985C06-E239-4F55-9F7B-BBD4F728EE65} = {649B5363-A8A8-4444-9E7F-60D313F44B6F}
		{781D3CC0-48FC-49E6-BDCA-7384CDC6B2BA} = {649B5363-A8A8-4444-9E7F-60D313F44B6F}
		{A3989E18-26F3-4251-A106-7C05653C0460} = {649B5363-A8A8-4444-9E7F-60D313F44B6F}
		{0E4D7877-A073-47F0-9FCB-161C5480C5D7} = {649B5363-A8A8-4444-9E7F-60D313F44B6F}
		{54200081-12E9-42DC-9B98-7B28724AB7F4} = {F2A94C2D-5F23-4CDD-86E8-F83341BE8B22}
		{C6B57400-ABD4-4857-A7A8-F1C78F63CE5A} = {54200081-12E9-42DC-9B98-7B28724AB7F4}
		{5EB9A647-181E-4098-8B73-2ADADC4C85B1} = {54200081-12E9-42DC-9B98-7B28724AB7F4}
		{AC063D90-94EF-43A2-A409-CB55419AF26A} = {54200081-12E9-42DC-9B98-7B28724AB7F4}
		{350F13A8-3495-49F8-B09F-D496A0575329} = {54200081-12E9-42DC-9B98-7B28724AB7F4}
		{3ED7CC5F-38F5-4A07-86BC-E099F979D2BF} = {54200081-12E9-42DC-9B98-7B28724AB7F4}
		{9F4C3536-0C93-44E3-BEAC-885FCA18D24D} = {45BB5CFA-05EA-40AC-94FE-6FE78CAD57E3}
		{B87E5974-7774-43BE-B46B-CE62D3AE7E2B} = {9F4C3536-0C93-44E3-BEAC-885FCA18D24D}
		{2A331BD7-865D-4F04-84A3-E65BF9BED329} = {9F4C3536-0C93-44E3-BEAC-885FCA18D24D}
		{11BC7D4E-3889-4C42-B485-9AEA642F8B01} = {9F4C3536-0C93-44E3-BEAC-885FCA18D24D}
		{50C7459F-731C-4472-869B-CDC95CAC181E} = {9F4C3536-0C93-44E3-BEAC-885FCA18D24D}
		{3285B05F-C08F-4C0C-B77D-6192E1A2E116} = {45BB5CFA-05EA-40AC-94FE-6FE78CAD57E3}
		{7A173723-7C0C-42F3-A6EF-60B5D78BDBB7} = {45BB5CFA-05EA-40AC-94FE-6FE78CAD57E3}
	EndGlobalSection
	GlobalSection(ExtensibilityGlobals) = postSolution
		SolutionGuid = {44332C63-E5BE-4E25-8387-BC0BA8E15A19}
	EndGlobalSection
EndGlobal
