
Microsoft Visual Studio Solution File, Format Version 12.00
# Visual Studio Version 17
VisualStudioVersion = 17.11.35208.52
MinimumVisualStudioVersion = 10.0.40219.1
Project("{9A19103F-16F7-4668-BE54-9A1E7A4F7556}") = "Backend", "LearnSystem\Backend.csproj", "{C4316803-C2ED-4BDF-9811-3516093FD608}"
EndProject
Project("{2150E333-8FDC-42A3-9474-1A3956D46DE8}") = "Services", "Services", "{82421E6F-EAAC-4747-B6F5-5C06A401C18C}"
EndProject
Project("{2150E333-8FDC-42A3-9474-1A3956D46DE8}") = "Test", "Test", "{CBEFDEB4-B50F-4FA9-8D98-F4A29DD3FD59}"
EndProject
Project("{FAE04EC0-301F-11D3-BF4B-00C04F79EFBC}") = "Test.API", "Services\Test\Test.API\Test.API.csproj", "{2A12B378-556A-4E49-879D-B203CBAB0170}"
EndProject
Project("{FAE04EC0-301F-11D3-BF4B-00C04F79EFBC}") = "Test.Application", "Services\Test\Test.Application\Test.Application.csproj", "{7DE54193-0B7C-4AE8-B0F0-72B769EC294F}"
EndProject
Project("{FAE04EC0-301F-11D3-BF4B-00C04F79EFBC}") = "Test.Domain", "Services\Test\Test.Domain\Test.Domain.csproj", "{6A15243F-CB81-4802-A3D5-A367EAEFF94C}"
EndProject
Project("{FAE04EC0-301F-11D3-BF4B-00C04F79EFBC}") = "Test.Infrastucture", "Services\Test\Test.Infrastucture\Test.Infrastucture.csproj", "{0020FCB2-F909-4B56-ACC1-BC3A8653DD8B}"
EndProject
Project("{2150E333-8FDC-42A3-9474-1A3956D46DE8}") = "Translation", "Translation", "{432695F6-335A-49C5-B304-FBB7A3FBD763}"
EndProject
Project("{FAE04EC0-301F-11D3-BF4B-00C04F79EFBC}") = "Application", "Services\Translation\Application\Application.csproj", "{72DC24CC-AFFB-4EA5-8D8F-1104E620B902}"
EndProject
Project("{FAE04EC0-301F-11D3-BF4B-00C04F79EFBC}") = "Domain", "Services\Translation\Domain\Domain.csproj", "{FDF7B097-EE48-412E-A3E1-ACF5BA0E20AF}"
EndProject
Project("{FAE04EC0-301F-11D3-BF4B-00C04F79EFBC}") = "GTranslate", "Services\Translation\GTranslate\GTranslate.csproj", "{A5BEFC84-76AC-46FF-8B20-723650209AB3}"
EndProject
Project("{FAE04EC0-301F-11D3-BF4B-00C04F79EFBC}") = "Infrastructure", "Services\Translation\Infrastructure\Infrastructure.csproj", "{CDA79786-C9DE-4D3E-BA51-08F4E02AEBB3}"
EndProject
Project("{2150E333-8FDC-42A3-9474-1A3956D46DE8}") = "Utils", "Utils", "{F77D12EA-9ED7-4AB2-95A9-3061B17A03CC}"
EndProject
Project("{2150E333-8FDC-42A3-9474-1A3956D46DE8}") = "BaseCrud", "BaseCrud", "{CE91496B-4D37-47EE-BA4D-AE80059C4C58}"
EndProject
Project("{FAE04EC0-301F-11D3-BF4B-00C04F79EFBC}") = "BaseCrud", "Utils\BaseCrud\BaseCrud\BaseCrud.csproj", "{9266E1AD-A095-47F5-AA57-C2CA97AC2690}"
EndProject
Project("{FAE04EC0-301F-11D3-BF4B-00C04F79EFBC}") = "BaseCrud.Abstractions", "Utils\BaseCrud\BaseCrud.Abstractions\BaseCrud.Abstractions.csproj", "{134D8874-FA4E-4F22-B342-719A267DA437}"
EndProject
Project("{FAE04EC0-301F-11D3-BF4B-00C04F79EFBC}") = "BaseCrud.EntityFrameworkCore", "Utils\BaseCrud\BaseCrud.EntityFrameworkCore\BaseCrud.EntityFrameworkCore.csproj", "{1641EF03-9C79-4FEB-9C3F-B49698D2E907}"
EndProject
Project("{FAE04EC0-301F-11D3-BF4B-00C04F79EFBC}") = "BaseCrud.PrimeNg", "Utils\BaseCrud\BaseCrud.PrimeNg\BaseCrud.PrimeNg.csproj", "{32D27F8F-7F0B-4A07-92E8-5BB3978A97B7}"
EndProject
Global
	GlobalSection(SolutionConfigurationPlatforms) = preSolution
		Debug|Any CPU = Debug|Any CPU
		Release|Any CPU = Release|Any CPU
	EndGlobalSection
	GlobalSection(ProjectConfigurationPlatforms) = postSolution
		{C4316803-C2ED-4BDF-9811-3516093FD608}.Debug|Any CPU.ActiveCfg = Debug|Any CPU
		{C4316803-C2ED-4BDF-9811-3516093FD608}.Debug|Any CPU.Build.0 = Debug|Any CPU
		{C4316803-C2ED-4BDF-9811-3516093FD608}.Release|Any CPU.ActiveCfg = Release|Any CPU
		{C4316803-C2ED-4BDF-9811-3516093FD608}.Release|Any CPU.Build.0 = Release|Any CPU
		{2A12B378-556A-4E49-879D-B203CBAB0170}.Debug|Any CPU.ActiveCfg = Debug|Any CPU
		{2A12B378-556A-4E49-879D-B203CBAB0170}.Debug|Any CPU.Build.0 = Debug|Any CPU
		{2A12B378-556A-4E49-879D-B203CBAB0170}.Release|Any CPU.ActiveCfg = Release|Any CPU
		{2A12B378-556A-4E49-879D-B203CBAB0170}.Release|Any CPU.Build.0 = Release|Any CPU
		{7DE54193-0B7C-4AE8-B0F0-72B769EC294F}.Debug|Any CPU.ActiveCfg = Debug|Any CPU
		{7DE54193-0B7C-4AE8-B0F0-72B769EC294F}.Debug|Any CPU.Build.0 = Debug|Any CPU
		{7DE54193-0B7C-4AE8-B0F0-72B769EC294F}.Release|Any CPU.ActiveCfg = Release|Any CPU
		{7DE54193-0B7C-4AE8-B0F0-72B769EC294F}.Release|Any CPU.Build.0 = Release|Any CPU
		{6A15243F-CB81-4802-A3D5-A367EAEFF94C}.Debug|Any CPU.ActiveCfg = Debug|Any CPU
		{6A15243F-CB81-4802-A3D5-A367EAEFF94C}.Debug|Any CPU.Build.0 = Debug|Any CPU
		{6A15243F-CB81-4802-A3D5-A367EAEFF94C}.Release|Any CPU.ActiveCfg = Release|Any CPU
		{6A15243F-CB81-4802-A3D5-A367EAEFF94C}.Release|Any CPU.Build.0 = Release|Any CPU
		{0020FCB2-F909-4B56-ACC1-BC3A8653DD8B}.Debug|Any CPU.ActiveCfg = Debug|Any CPU
		{0020FCB2-F909-4B56-ACC1-BC3A8653DD8B}.Debug|Any CPU.Build.0 = Debug|Any CPU
		{0020FCB2-F909-4B56-ACC1-BC3A8653DD8B}.Release|Any CPU.ActiveCfg = Release|Any CPU
		{0020FCB2-F909-4B56-ACC1-BC3A8653DD8B}.Release|Any CPU.Build.0 = Release|Any CPU
		{72DC24CC-AFFB-4EA5-8D8F-1104E620B902}.Debug|Any CPU.ActiveCfg = Debug|Any CPU
		{72DC24CC-AFFB-4EA5-8D8F-1104E620B902}.Debug|Any CPU.Build.0 = Debug|Any CPU
		{72DC24CC-AFFB-4EA5-8D8F-1104E620B902}.Release|Any CPU.ActiveCfg = Release|Any CPU
		{72DC24CC-AFFB-4EA5-8D8F-1104E620B902}.Release|Any CPU.Build.0 = Release|Any CPU
		{FDF7B097-EE48-412E-A3E1-ACF5BA0E20AF}.Debug|Any CPU.ActiveCfg = Debug|Any CPU
		{FDF7B097-EE48-412E-A3E1-ACF5BA0E20AF}.Debug|Any CPU.Build.0 = Debug|Any CPU
		{FDF7B097-EE48-412E-A3E1-ACF5BA0E20AF}.Release|Any CPU.ActiveCfg = Release|Any CPU
		{FDF7B097-EE48-412E-A3E1-ACF5BA0E20AF}.Release|Any CPU.Build.0 = Release|Any CPU
		{A5BEFC84-76AC-46FF-8B20-723650209AB3}.Debug|Any CPU.ActiveCfg = Debug|Any CPU
		{A5BEFC84-76AC-46FF-8B20-723650209AB3}.Debug|Any CPU.Build.0 = Debug|Any CPU
		{A5BEFC84-76AC-46FF-8B20-723650209AB3}.Release|Any CPU.ActiveCfg = Release|Any CPU
		{A5BEFC84-76AC-46FF-8B20-723650209AB3}.Release|Any CPU.Build.0 = Release|Any CPU
		{CDA79786-C9DE-4D3E-BA51-08F4E02AEBB3}.Debug|Any CPU.ActiveCfg = Debug|Any CPU
		{CDA79786-C9DE-4D3E-BA51-08F4E02AEBB3}.Debug|Any CPU.Build.0 = Debug|Any CPU
		{CDA79786-C9DE-4D3E-BA51-08F4E02AEBB3}.Release|Any CPU.ActiveCfg = Release|Any CPU
		{CDA79786-C9DE-4D3E-BA51-08F4E02AEBB3}.Release|Any CPU.Build.0 = Release|Any CPU
		{9266E1AD-A095-47F5-AA57-C2CA97AC2690}.Debug|Any CPU.ActiveCfg = Debug|Any CPU
		{9266E1AD-A095-47F5-AA57-C2CA97AC2690}.Debug|Any CPU.Build.0 = Debug|Any CPU
		{9266E1AD-A095-47F5-AA57-C2CA97AC2690}.Release|Any CPU.ActiveCfg = Release|Any CPU
		{9266E1AD-A095-47F5-AA57-C2CA97AC2690}.Release|Any CPU.Build.0 = Release|Any CPU
		{134D8874-FA4E-4F22-B342-719A267DA437}.Debug|Any CPU.ActiveCfg = Debug|Any CPU
		{134D8874-FA4E-4F22-B342-719A267DA437}.Debug|Any CPU.Build.0 = Debug|Any CPU
		{134D8874-FA4E-4F22-B342-719A267DA437}.Release|Any CPU.ActiveCfg = Release|Any CPU
		{134D8874-FA4E-4F22-B342-719A267DA437}.Release|Any CPU.Build.0 = Release|Any CPU
		{1641EF03-9C79-4FEB-9C3F-B49698D2E907}.Debug|Any CPU.ActiveCfg = Debug|Any CPU
		{1641EF03-9C79-4FEB-9C3F-B49698D2E907}.Debug|Any CPU.Build.0 = Debug|Any CPU
		{1641EF03-9C79-4FEB-9C3F-B49698D2E907}.Release|Any CPU.ActiveCfg = Release|Any CPU
		{1641EF03-9C79-4FEB-9C3F-B49698D2E907}.Release|Any CPU.Build.0 = Release|Any CPU
		{32D27F8F-7F0B-4A07-92E8-5BB3978A97B7}.Debug|Any CPU.ActiveCfg = Debug|Any CPU
		{32D27F8F-7F0B-4A07-92E8-5BB3978A97B7}.Debug|Any CPU.Build.0 = Debug|Any CPU
		{32D27F8F-7F0B-4A07-92E8-5BB3978A97B7}.Release|Any CPU.ActiveCfg = Release|Any CPU
		{32D27F8F-7F0B-4A07-92E8-5BB3978A97B7}.Release|Any CPU.Build.0 = Release|Any CPU
	EndGlobalSection
	GlobalSection(SolutionProperties) = preSolution
		HideSolutionNode = FALSE
	EndGlobalSection
	GlobalSection(NestedProjects) = preSolution
		{CBEFDEB4-B50F-4FA9-8D98-F4A29DD3FD59} = {82421E6F-EAAC-4747-B6F5-5C06A401C18C}
		{2A12B378-556A-4E49-879D-B203CBAB0170} = {CBEFDEB4-B50F-4FA9-8D98-F4A29DD3FD59}
		{7DE54193-0B7C-4AE8-B0F0-72B769EC294F} = {CBEFDEB4-B50F-4FA9-8D98-F4A29DD3FD59}
		{6A15243F-CB81-4802-A3D5-A367EAEFF94C} = {CBEFDEB4-B50F-4FA9-8D98-F4A29DD3FD59}
		{0020FCB2-F909-4B56-ACC1-BC3A8653DD8B} = {CBEFDEB4-B50F-4FA9-8D98-F4A29DD3FD59}
		{432695F6-335A-49C5-B304-FBB7A3FBD763} = {82421E6F-EAAC-4747-B6F5-5C06A401C18C}
		{72DC24CC-AFFB-4EA5-8D8F-1104E620B902} = {432695F6-335A-49C5-B304-FBB7A3FBD763}
		{FDF7B097-EE48-412E-A3E1-ACF5BA0E20AF} = {432695F6-335A-49C5-B304-FBB7A3FBD763}
		{A5BEFC84-76AC-46FF-8B20-723650209AB3} = {432695F6-335A-49C5-B304-FBB7A3FBD763}
		{CDA79786-C9DE-4D3E-BA51-08F4E02AEBB3} = {432695F6-335A-49C5-B304-FBB7A3FBD763}
		{CE91496B-4D37-47EE-BA4D-AE80059C4C58} = {F77D12EA-9ED7-4AB2-95A9-3061B17A03CC}
		{9266E1AD-A095-47F5-AA57-C2CA97AC2690} = {CE91496B-4D37-47EE-BA4D-AE80059C4C58}
		{134D8874-FA4E-4F22-B342-719A267DA437} = {CE91496B-4D37-47EE-BA4D-AE80059C4C58}
		{1641EF03-9C79-4FEB-9C3F-B49698D2E907} = {CE91496B-4D37-47EE-BA4D-AE80059C4C58}
		{32D27F8F-7F0B-4A07-92E8-5BB3978A97B7} = {CE91496B-4D37-47EE-BA4D-AE80059C4C58}
	EndGlobalSection
	GlobalSection(ExtensibilityGlobals) = postSolution
		SolutionGuid = {44332C63-E5BE-4E25-8387-BC0BA8E15A19}
	EndGlobalSection
EndGlobal
