
Microsoft Visual Studio Solution File, Format Version 12.00
# Visual Studio Version 17
VisualStudioVersion = 17.11.35208.52
MinimumVisualStudioVersion = 10.0.40219.1
Project("{2150E333-8FDC-42A3-9474-1A3956D46DE8}") = "Services", "Services", "{82421E6F-EAAC-4747-B6F5-5C06A401C18C}"
EndProject
Project("{2150E333-8FDC-42A3-9474-1A3956D46DE8}") = "Test", "Test", "{CBEFDEB4-B50F-4FA9-8D98-F4A29DD3FD59}"
EndProject
Project("{FAE04EC0-301F-11D3-BF4B-00C04F79EFBC}") = "Test.API", "Services\Test\Test.API\Test.API.csproj", "{2A12B378-556A-4E49-879D-B203CBAB0170}"
EndProject
Project("{FAE04EC0-301F-11D3-BF4B-00C04F79EFBC}") = "Test.Application", "Services\Test\Test.Application\Test.Application.csproj", "{7DE54193-0B7C-4AE8-B0F0-72B769EC294F}"
EndProject
Project("{FAE04EC0-301F-11D3-BF4B-00C04F79EFBC}") = "Test.Domain", "Services\Test\Test.Domain\Test.Domain.csproj", "{6A15243F-CB81-4802-A3D5-A367EAEFF94C}"
EndProject
Project("{FAE04EC0-301F-11D3-BF4B-00C04F79EFBC}") = "Test.Infrastucture", "Services\Test\Test.Infrastucture\Test.Infrastucture.csproj", "{0020FCB2-F909-4B56-ACC1-BC3A8653DD8B}"
EndProject
Project("{2150E333-8FDC-42A3-9474-1A3956D46DE8}") = "Translation", "Translation", "{432695F6-335A-49C5-B304-FBB7A3FBD763}"
EndProject
Project("{FAE04EC0-301F-11D3-BF4B-00C04F79EFBC}") = "Translation.Application", "Services\Translation\Application\Translation.Application.csproj", "{72DC24CC-AFFB-4EA5-8D8F-1104E620B902}"
EndProject
Project("{FAE04EC0-301F-11D3-BF4B-00C04F79EFBC}") = "Domain", "Services\Translation\Domain\Domain.csproj", "{FDF7B097-EE48-412E-A3E1-ACF5BA0E20AF}"
EndProject
Project("{FAE04EC0-301F-11D3-BF4B-00C04F79EFBC}") = "GTranslate", "Services\Translation\GTranslate\GTranslate.csproj", "{A5BEFC84-76AC-46FF-8B20-723650209AB3}"
EndProject
Project("{FAE04EC0-301F-11D3-BF4B-00C04F79EFBC}") = "Infrastructure", "Services\Translation\Infrastructure\Infrastructure.csproj", "{CDA79786-C9DE-4D3E-BA51-08F4E02AEBB3}"
EndProject
Project("{2150E333-8FDC-42A3-9474-1A3956D46DE8}") = "Utils", "Utils", "{F77D12EA-9ED7-4AB2-95A9-3061B17A03CC}"
EndProject
Project("{2150E333-8FDC-42A3-9474-1A3956D46DE8}") = "BaseCrud", "BaseCrud", "{CE91496B-4D37-47EE-BA4D-AE80059C4C58}"
EndProject
Project("{FAE04EC0-301F-11D3-BF4B-00C04F79EFBC}") = "BaseCrud", "Utils\BaseCrud\BaseCrud\BaseCrud.csproj", "{9266E1AD-A095-47F5-AA57-C2CA97AC2690}"
EndProject
Project("{FAE04EC0-301F-11D3-BF4B-00C04F79EFBC}") = "BaseCrud.Abstractions", "Utils\BaseCrud\BaseCrud.Abstractions\BaseCrud.Abstractions.csproj", "{134D8874-FA4E-4F22-B342-719A267DA437}"
EndProject
Project("{FAE04EC0-301F-11D3-BF4B-00C04F79EFBC}") = "BaseCrud.EntityFrameworkCore", "Utils\BaseCrud\BaseCrud.EntityFrameworkCore\BaseCrud.EntityFrameworkCore.csproj", "{1641EF03-9C79-4FEB-9C3F-B49698D2E907}"
EndProject
Project("{FAE04EC0-301F-11D3-BF4B-00C04F79EFBC}") = "BaseCrud.PrimeNg", "Utils\BaseCrud\BaseCrud.PrimeNg\BaseCrud.PrimeNg.csproj", "{32D27F8F-7F0B-4A07-92E8-5BB3978A97B7}"
EndProject
Project("{FAE04EC0-301F-11D3-BF4B-00C04F79EFBC}") = "General", "Utils\General\General.csproj", "{2D3EC889-22C3-4AC1-B7D5-27F392D38913}"
EndProject
Project("{FAE04EC0-301F-11D3-BF4B-00C04F79EFBC}") = "Web.API", "Utils\Web.API\Web.API.csproj", "{191AF080-EDBC-43DB-8367-D87CF14A0C85}"
EndProject
Project("{FAE04EC0-301F-11D3-BF4B-00C04F79EFBC}") = "Translation.API", "Services\Translation\Translation.API\Translation.API.csproj", "{5CB2F18A-55C3-48DF-87E9-A0C849634385}"
EndProject
Project("{2150E333-8FDC-42A3-9474-1A3956D46DE8}") = "Auth", "Auth", "{9F20C6C1-DE0C-4ECF-8018-31655343B516}"
EndProject
Project("{FAE04EC0-301F-11D3-BF4B-00C04F79EFBC}") = "Auth.API", "Services\Auth\Auth.API\Auth.API.csproj", "{4C8E4C50-2D0F-4D5F-BA9D-F478C3EC996C}"
EndProject
Project("{FAE04EC0-301F-11D3-BF4B-00C04F79EFBC}") = "Auth.Application", "Services\Auth\Auth.Application\Auth.Application.csproj", "{B2AB99DD-F561-4B8F-88D8-1178AFF174EC}"
EndProject
Project("{FAE04EC0-301F-11D3-BF4B-00C04F79EFBC}") = "Auth.Domain", "Services\Auth\Auth.Domain\Auth.Domain.csproj", "{B873D49B-BE11-4185-8DF9-D26BDF100A79}"
EndProject
Project("{FAE04EC0-301F-11D3-BF4B-00C04F79EFBC}") = "Auth.Infrastructure", "Services\Auth\Auth.Infrastructure\Auth.Infrastructure.csproj", "{2DEC06FB-A12A-455E-92D2-E33A4EB5897E}"
EndProject
Project("{2150E333-8FDC-42A3-9474-1A3956D46DE8}") = "Telegram", "Telegram", "{8898693D-3EC1-4BA1-82E7-6CF2A84F8E27}"
EndProject
Project("{2150E333-8FDC-42A3-9474-1A3956D46DE8}") = "TelegramBot", "TelegramBot", "{147DE48B-333E-49D6-A595-B0983383D5EE}"
EndProject
Project("{FAE04EC0-301F-11D3-BF4B-00C04F79EFBC}") = "TelegramBot.Application", "Services\Telegram\TelegramBot\TelegramBot.Application\TelegramBot.Application.csproj", "{2DDBE601-28B9-471D-B31C-909E8DB8D3D0}"
EndProject
Project("{FAE04EC0-301F-11D3-BF4B-00C04F79EFBC}") = "TelegramBot.Infrastructure", "Services\Telegram\TelegramBot\TelegramBot.Infrastructure\TelegramBot.Infrastructure.csproj", "{087404F2-8341-45BE-868F-F6D457124287}"
EndProject
Project("{FAE04EC0-301F-11D3-BF4B-00C04F79EFBC}") = "TelegramBot.Domain", "Services\Telegram\TelegramBot\TelegramBot.Domain\TelegramBot.Domain.csproj", "{9DBC9639-5243-45F8-B46F-5B9169B33BC4}"
EndProject
Project("{FAE04EC0-301F-11D3-BF4B-00C04F79EFBC}") = "TelegramBot.API", "Services\Telegram\TelegramBot\TelegramBot.API\TelegramBot.API.csproj", "{2590D955-1869-481C-A516-FFD7CD604F4B}"
EndProject
Project("{E53339B2-1760-4266-BCC7-CA923CBCF16C}") = "docker-compose", "docker-compose.dcproj", "{A1941007-696E-4237-A14B-A8631649E2AE}"
EndProject
Project("{FAE04EC0-301F-11D3-BF4B-00C04F79EFBC}") = "Clients", "Utils\Clients\Clients.csproj", "{8036242A-9702-4689-97F7-619F1B080D7D}"
EndProject
Global
	GlobalSection(SolutionConfigurationPlatforms) = preSolution
		Debug|Any CPU = Debug|Any CPU
		Release|Any CPU = Release|Any CPU
	EndGlobalSection
	GlobalSection(ProjectConfigurationPlatforms) = postSolution
		{2A12B378-556A-4E49-879D-B203CBAB0170}.Debug|Any CPU.ActiveCfg = Debug|Any CPU
		{2A12B378-556A-4E49-879D-B203CBAB0170}.Debug|Any CPU.Build.0 = Debug|Any CPU
		{2A12B378-556A-4E49-879D-B203CBAB0170}.Release|Any CPU.ActiveCfg = Release|Any CPU
		{2A12B378-556A-4E49-879D-B203CBAB0170}.Release|Any CPU.Build.0 = Release|Any CPU
		{7DE54193-0B7C-4AE8-B0F0-72B769EC294F}.Debug|Any CPU.ActiveCfg = Debug|Any CPU
		{7DE54193-0B7C-4AE8-B0F0-72B769EC294F}.Debug|Any CPU.Build.0 = Debug|Any CPU
		{7DE54193-0B7C-4AE8-B0F0-72B769EC294F}.Release|Any CPU.ActiveCfg = Release|Any CPU
		{7DE54193-0B7C-4AE8-B0F0-72B769EC294F}.Release|Any CPU.Build.0 = Release|Any CPU
		{6A15243F-CB81-4802-A3D5-A367EAEFF94C}.Debug|Any CPU.ActiveCfg = Debug|Any CPU
		{6A15243F-CB81-4802-A3D5-A367EAEFF94C}.Debug|Any CPU.Build.0 = Debug|Any CPU
		{6A15243F-CB81-4802-A3D5-A367EAEFF94C}.Release|Any CPU.ActiveCfg = Release|Any CPU
		{6A15243F-CB81-4802-A3D5-A367EAEFF94C}.Release|Any CPU.Build.0 = Release|Any CPU
		{0020FCB2-F909-4B56-ACC1-BC3A8653DD8B}.Debug|Any CPU.ActiveCfg = Debug|Any CPU
		{0020FCB2-F909-4B56-ACC1-BC3A8653DD8B}.Debug|Any CPU.Build.0 = Debug|Any CPU
		{0020FCB2-F909-4B56-ACC1-BC3A8653DD8B}.Release|Any CPU.ActiveCfg = Release|Any CPU
		{0020FCB2-F909-4B56-ACC1-BC3A8653DD8B}.Release|Any CPU.Build.0 = Release|Any CPU
		{72DC24CC-AFFB-4EA5-8D8F-1104E620B902}.Debug|Any CPU.ActiveCfg = Debug|Any CPU
		{72DC24CC-AFFB-4EA5-8D8F-1104E620B902}.Debug|Any CPU.Build.0 = Debug|Any CPU
		{72DC24CC-AFFB-4EA5-8D8F-1104E620B902}.Release|Any CPU.ActiveCfg = Release|Any CPU
		{72DC24CC-AFFB-4EA5-8D8F-1104E620B902}.Release|Any CPU.Build.0 = Release|Any CPU
		{FDF7B097-EE48-412E-A3E1-ACF5BA0E20AF}.Debug|Any CPU.ActiveCfg = Debug|Any CPU
		{FDF7B097-EE48-412E-A3E1-ACF5BA0E20AF}.Debug|Any CPU.Build.0 = Debug|Any CPU
		{FDF7B097-EE48-412E-A3E1-ACF5BA0E20AF}.Release|Any CPU.ActiveCfg = Release|Any CPU
		{FDF7B097-EE48-412E-A3E1-ACF5BA0E20AF}.Release|Any CPU.Build.0 = Release|Any CPU
		{A5BEFC84-76AC-46FF-8B20-723650209AB3}.Debug|Any CPU.ActiveCfg = Debug|Any CPU
		{A5BEFC84-76AC-46FF-8B20-723650209AB3}.Debug|Any CPU.Build.0 = Debug|Any CPU
		{A5BEFC84-76AC-46FF-8B20-723650209AB3}.Release|Any CPU.ActiveCfg = Release|Any CPU
		{A5BEFC84-76AC-46FF-8B20-723650209AB3}.Release|Any CPU.Build.0 = Release|Any CPU
		{CDA79786-C9DE-4D3E-BA51-08F4E02AEBB3}.Debug|Any CPU.ActiveCfg = Debug|Any CPU
		{CDA79786-C9DE-4D3E-BA51-08F4E02AEBB3}.Debug|Any CPU.Build.0 = Debug|Any CPU
		{CDA79786-C9DE-4D3E-BA51-08F4E02AEBB3}.Release|Any CPU.ActiveCfg = Release|Any CPU
		{CDA79786-C9DE-4D3E-BA51-08F4E02AEBB3}.Release|Any CPU.Build.0 = Release|Any CPU
		{9266E1AD-A095-47F5-AA57-C2CA97AC2690}.Debug|Any CPU.ActiveCfg = Debug|Any CPU
		{9266E1AD-A095-47F5-AA57-C2CA97AC2690}.Debug|Any CPU.Build.0 = Debug|Any CPU
		{9266E1AD-A095-47F5-AA57-C2CA97AC2690}.Release|Any CPU.ActiveCfg = Release|Any CPU
		{9266E1AD-A095-47F5-AA57-C2CA97AC2690}.Release|Any CPU.Build.0 = Release|Any CPU
		{134D8874-FA4E-4F22-B342-719A267DA437}.Debug|Any CPU.ActiveCfg = Debug|Any CPU
		{134D8874-FA4E-4F22-B342-719A267DA437}.Debug|Any CPU.Build.0 = Debug|Any CPU
		{134D8874-FA4E-4F22-B342-719A267DA437}.Release|Any CPU.ActiveCfg = Release|Any CPU
		{134D8874-FA4E-4F22-B342-719A267DA437}.Release|Any CPU.Build.0 = Release|Any CPU
		{1641EF03-9C79-4FEB-9C3F-B49698D2E907}.Debug|Any CPU.ActiveCfg = Debug|Any CPU
		{1641EF03-9C79-4FEB-9C3F-B49698D2E907}.Debug|Any CPU.Build.0 = Debug|Any CPU
		{1641EF03-9C79-4FEB-9C3F-B49698D2E907}.Release|Any CPU.ActiveCfg = Release|Any CPU
		{1641EF03-9C79-4FEB-9C3F-B49698D2E907}.Release|Any CPU.Build.0 = Release|Any CPU
		{32D27F8F-7F0B-4A07-92E8-5BB3978A97B7}.Debug|Any CPU.ActiveCfg = Debug|Any CPU
		{32D27F8F-7F0B-4A07-92E8-5BB3978A97B7}.Debug|Any CPU.Build.0 = Debug|Any CPU
		{32D27F8F-7F0B-4A07-92E8-5BB3978A97B7}.Release|Any CPU.ActiveCfg = Release|Any CPU
		{32D27F8F-7F0B-4A07-92E8-5BB3978A97B7}.Release|Any CPU.Build.0 = Release|Any CPU
		{2D3EC889-22C3-4AC1-B7D5-27F392D38913}.Debug|Any CPU.ActiveCfg = Debug|Any CPU
		{2D3EC889-22C3-4AC1-B7D5-27F392D38913}.Debug|Any CPU.Build.0 = Debug|Any CPU
		{2D3EC889-22C3-4AC1-B7D5-27F392D38913}.Release|Any CPU.ActiveCfg = Release|Any CPU
		{2D3EC889-22C3-4AC1-B7D5-27F392D38913}.Release|Any CPU.Build.0 = Release|Any CPU
		{191AF080-EDBC-43DB-8367-D87CF14A0C85}.Debug|Any CPU.ActiveCfg = Debug|Any CPU
		{191AF080-EDBC-43DB-8367-D87CF14A0C85}.Debug|Any CPU.Build.0 = Debug|Any CPU
		{191AF080-EDBC-43DB-8367-D87CF14A0C85}.Release|Any CPU.ActiveCfg = Release|Any CPU
		{191AF080-EDBC-43DB-8367-D87CF14A0C85}.Release|Any CPU.Build.0 = Release|Any CPU
		{5CB2F18A-55C3-48DF-87E9-A0C849634385}.Debug|Any CPU.ActiveCfg = Debug|Any CPU
		{5CB2F18A-55C3-48DF-87E9-A0C849634385}.Debug|Any CPU.Build.0 = Debug|Any CPU
		{5CB2F18A-55C3-48DF-87E9-A0C849634385}.Release|Any CPU.ActiveCfg = Release|Any CPU
		{5CB2F18A-55C3-48DF-87E9-A0C849634385}.Release|Any CPU.Build.0 = Release|Any CPU
		{4C8E4C50-2D0F-4D5F-BA9D-F478C3EC996C}.Debug|Any CPU.ActiveCfg = Debug|Any CPU
		{4C8E4C50-2D0F-4D5F-BA9D-F478C3EC996C}.Debug|Any CPU.Build.0 = Debug|Any CPU
		{4C8E4C50-2D0F-4D5F-BA9D-F478C3EC996C}.Release|Any CPU.ActiveCfg = Release|Any CPU
		{4C8E4C50-2D0F-4D5F-BA9D-F478C3EC996C}.Release|Any CPU.Build.0 = Release|Any CPU
		{B2AB99DD-F561-4B8F-88D8-1178AFF174EC}.Debug|Any CPU.ActiveCfg = Debug|Any CPU
		{B2AB99DD-F561-4B8F-88D8-1178AFF174EC}.Debug|Any CPU.Build.0 = Debug|Any CPU
		{B2AB99DD-F561-4B8F-88D8-1178AFF174EC}.Release|Any CPU.ActiveCfg = Release|Any CPU
		{B2AB99DD-F561-4B8F-88D8-1178AFF174EC}.Release|Any CPU.Build.0 = Release|Any CPU
		{B873D49B-BE11-4185-8DF9-D26BDF100A79}.Debug|Any CPU.ActiveCfg = Debug|Any CPU
		{B873D49B-BE11-4185-8DF9-D26BDF100A79}.Debug|Any CPU.Build.0 = Debug|Any CPU
		{B873D49B-BE11-4185-8DF9-D26BDF100A79}.Release|Any CPU.ActiveCfg = Release|Any CPU
		{B873D49B-BE11-4185-8DF9-D26BDF100A79}.Release|Any CPU.Build.0 = Release|Any CPU
		{2DEC06FB-A12A-455E-92D2-E33A4EB5897E}.Debug|Any CPU.ActiveCfg = Debug|Any CPU
		{2DEC06FB-A12A-455E-92D2-E33A4EB5897E}.Debug|Any CPU.Build.0 = Debug|Any CPU
		{2DEC06FB-A12A-455E-92D2-E33A4EB5897E}.Release|Any CPU.ActiveCfg = Release|Any CPU
		{2DEC06FB-A12A-455E-92D2-E33A4EB5897E}.Release|Any CPU.Build.0 = Release|Any CPU
		{2DDBE601-28B9-471D-B31C-909E8DB8D3D0}.Debug|Any CPU.ActiveCfg = Debug|Any CPU
		{2DDBE601-28B9-471D-B31C-909E8DB8D3D0}.Debug|Any CPU.Build.0 = Debug|Any CPU
		{2DDBE601-28B9-471D-B31C-909E8DB8D3D0}.Release|Any CPU.ActiveCfg = Release|Any CPU
		{2DDBE601-28B9-471D-B31C-909E8DB8D3D0}.Release|Any CPU.Build.0 = Release|Any CPU
		{087404F2-8341-45BE-868F-F6D457124287}.Debug|Any CPU.ActiveCfg = Debug|Any CPU
		{087404F2-8341-45BE-868F-F6D457124287}.Debug|Any CPU.Build.0 = Debug|Any CPU
		{087404F2-8341-45BE-868F-F6D457124287}.Release|Any CPU.ActiveCfg = Release|Any CPU
		{087404F2-8341-45BE-868F-F6D457124287}.Release|Any CPU.Build.0 = Release|Any CPU
		{9DBC9639-5243-45F8-B46F-5B9169B33BC4}.Debug|Any CPU.ActiveCfg = Debug|Any CPU
		{9DBC9639-5243-45F8-B46F-5B9169B33BC4}.Debug|Any CPU.Build.0 = Debug|Any CPU
		{9DBC9639-5243-45F8-B46F-5B9169B33BC4}.Release|Any CPU.ActiveCfg = Release|Any CPU
		{9DBC9639-5243-45F8-B46F-5B9169B33BC4}.Release|Any CPU.Build.0 = Release|Any CPU
		{2590D955-1869-481C-A516-FFD7CD604F4B}.Debug|Any CPU.ActiveCfg = Debug|Any CPU
		{2590D955-1869-481C-A516-FFD7CD604F4B}.Debug|Any CPU.Build.0 = Debug|Any CPU
		{2590D955-1869-481C-A516-FFD7CD604F4B}.Release|Any CPU.ActiveCfg = Release|Any CPU
		{2590D955-1869-481C-A516-FFD7CD604F4B}.Release|Any CPU.Build.0 = Release|Any CPU
		{A1941007-696E-4237-A14B-A8631649E2AE}.Debug|Any CPU.ActiveCfg = Debug|Any CPU
		{A1941007-696E-4237-A14B-A8631649E2AE}.Debug|Any CPU.Build.0 = Debug|Any CPU
		{A1941007-696E-4237-A14B-A8631649E2AE}.Release|Any CPU.ActiveCfg = Release|Any CPU
		{A1941007-696E-4237-A14B-A8631649E2AE}.Release|Any CPU.Build.0 = Release|Any CPU
		{8036242A-9702-4689-97F7-619F1B080D7D}.Debug|Any CPU.ActiveCfg = Debug|Any CPU
		{8036242A-9702-4689-97F7-619F1B080D7D}.Debug|Any CPU.Build.0 = Debug|Any CPU
		{8036242A-9702-4689-97F7-619F1B080D7D}.Release|Any CPU.ActiveCfg = Release|Any CPU
		{8036242A-9702-4689-97F7-619F1B080D7D}.Release|Any CPU.Build.0 = Release|Any CPU
	EndGlobalSection
	GlobalSection(SolutionProperties) = preSolution
		HideSolutionNode = FALSE
	EndGlobalSection
	GlobalSection(NestedProjects) = preSolution
		{CBEFDEB4-B50F-4FA9-8D98-F4A29DD3FD59} = {82421E6F-EAAC-4747-B6F5-5C06A401C18C}
		{2A12B378-556A-4E49-879D-B203CBAB0170} = {CBEFDEB4-B50F-4FA9-8D98-F4A29DD3FD59}
		{7DE54193-0B7C-4AE8-B0F0-72B769EC294F} = {CBEFDEB4-B50F-4FA9-8D98-F4A29DD3FD59}
		{6A15243F-CB81-4802-A3D5-A367EAEFF94C} = {CBEFDEB4-B50F-4FA9-8D98-F4A29DD3FD59}
		{0020FCB2-F909-4B56-ACC1-BC3A8653DD8B} = {CBEFDEB4-B50F-4FA9-8D98-F4A29DD3FD59}
		{432695F6-335A-49C5-B304-FBB7A3FBD763} = {82421E6F-EAAC-4747-B6F5-5C06A401C18C}
		{72DC24CC-AFFB-4EA5-8D8F-1104E620B902} = {432695F6-335A-49C5-B304-FBB7A3FBD763}
		{FDF7B097-EE48-412E-A3E1-ACF5BA0E20AF} = {432695F6-335A-49C5-B304-FBB7A3FBD763}
		{A5BEFC84-76AC-46FF-8B20-723650209AB3} = {432695F6-335A-49C5-B304-FBB7A3FBD763}
		{CDA79786-C9DE-4D3E-BA51-08F4E02AEBB3} = {432695F6-335A-49C5-B304-FBB7A3FBD763}
		{CE91496B-4D37-47EE-BA4D-AE80059C4C58} = {F77D12EA-9ED7-4AB2-95A9-3061B17A03CC}
		{9266E1AD-A095-47F5-AA57-C2CA97AC2690} = {CE91496B-4D37-47EE-BA4D-AE80059C4C58}
		{134D8874-FA4E-4F22-B342-719A267DA437} = {CE91496B-4D37-47EE-BA4D-AE80059C4C58}
		{1641EF03-9C79-4FEB-9C3F-B49698D2E907} = {CE91496B-4D37-47EE-BA4D-AE80059C4C58}
		{32D27F8F-7F0B-4A07-92E8-5BB3978A97B7} = {CE91496B-4D37-47EE-BA4D-AE80059C4C58}
		{2D3EC889-22C3-4AC1-B7D5-27F392D38913} = {F77D12EA-9ED7-4AB2-95A9-3061B17A03CC}
		{191AF080-EDBC-43DB-8367-D87CF14A0C85} = {F77D12EA-9ED7-4AB2-95A9-3061B17A03CC}
		{5CB2F18A-55C3-48DF-87E9-A0C849634385} = {432695F6-335A-49C5-B304-FBB7A3FBD763}
		{9F20C6C1-DE0C-4ECF-8018-31655343B516} = {82421E6F-EAAC-4747-B6F5-5C06A401C18C}
		{4C8E4C50-2D0F-4D5F-BA9D-F478C3EC996C} = {9F20C6C1-DE0C-4ECF-8018-31655343B516}
		{B2AB99DD-F561-4B8F-88D8-1178AFF174EC} = {9F20C6C1-DE0C-4ECF-8018-31655343B516}
		{B873D49B-BE11-4185-8DF9-D26BDF100A79} = {9F20C6C1-DE0C-4ECF-8018-31655343B516}
		{2DEC06FB-A12A-455E-92D2-E33A4EB5897E} = {9F20C6C1-DE0C-4ECF-8018-31655343B516}
		{8898693D-3EC1-4BA1-82E7-6CF2A84F8E27} = {82421E6F-EAAC-4747-B6F5-5C06A401C18C}
		{147DE48B-333E-49D6-A595-B0983383D5EE} = {8898693D-3EC1-4BA1-82E7-6CF2A84F8E27}
		{2DDBE601-28B9-471D-B31C-909E8DB8D3D0} = {147DE48B-333E-49D6-A595-B0983383D5EE}
		{087404F2-8341-45BE-868F-F6D457124287} = {147DE48B-333E-49D6-A595-B0983383D5EE}
		{9DBC9639-5243-45F8-B46F-5B9169B33BC4} = {147DE48B-333E-49D6-A595-B0983383D5EE}
		{2590D955-1869-481C-A516-FFD7CD604F4B} = {147DE48B-333E-49D6-A595-B0983383D5EE}
		{8036242A-9702-4689-97F7-619F1B080D7D} = {F77D12EA-9ED7-4AB2-95A9-3061B17A03CC}
	EndGlobalSection
	GlobalSection(ExtensibilityGlobals) = postSolution
		SolutionGuid = {44332C63-E5BE-4E25-8387-BC0BA8E15A19}
	EndGlobalSection
EndGlobal
